// !$*UTF8*$!
{
	archiveVersion = 1;
	classes = {
	};
	objectVersion = 50;
	objects = {

/* Begin PBXBuildFile section */
		65517CE47D8F33B2F74A985F /* Pods_testProject2.framework in Frameworks */ = {isa = PBXBuildFile; fileRef = 79E32512B9741749F0417C94 /* Pods_testProject2.framework */; };
		E19476A62229D7A100353E1D /* AppDelegate.swift in Sources */ = {isa = PBXBuildFile; fileRef = E19476A52229D7A100353E1D /* AppDelegate.swift */; };
		E19476A82229D7A100353E1D /* OffersViewController.swift in Sources */ = {isa = PBXBuildFile; fileRef = E19476A72229D7A100353E1D /* OffersViewController.swift */; };
		E19476AD2229D7A400353E1D /* Assets.xcassets in Resources */ = {isa = PBXBuildFile; fileRef = E19476AC2229D7A400353E1D /* Assets.xcassets */; };
		E19476B02229D7A400353E1D /* LaunchScreen.storyboard in Resources */ = {isa = PBXBuildFile; fileRef = E19476AE2229D7A400353E1D /* LaunchScreen.storyboard */; };
		E19476B82229DF6600353E1D /* CollectionViewCell.swift in Sources */ = {isa = PBXBuildFile; fileRef = E19476B72229DF6600353E1D /* CollectionViewCell.swift */; };
		E19476BA2229E81700353E1D /* Offers.json in Resources */ = {isa = PBXBuildFile; fileRef = E19476B92229E81700353E1D /* Offers.json */; };
		E19A64AE222F045500D306AF /* OfferDetailViewController.swift in Sources */ = {isa = PBXBuildFile; fileRef = E19A64AD222F045500D306AF /* OfferDetailViewController.swift */; };
		E19A64B0222F165D00D306AF /* OfferDataModel.swift in Sources */ = {isa = PBXBuildFile; fileRef = E19A64AF222F165D00D306AF /* OfferDataModel.swift */; };
		E1B39C392231B4AE0077E05E /* FavoritesController.swift in Sources */ = {isa = PBXBuildFile; fileRef = E1B39C382231B4AE0077E05E /* FavoritesController.swift */; };
/* End PBXBuildFile section */

/* Begin PBXFileReference section */
		79E32512B9741749F0417C94 /* Pods_testProject2.framework */ = {isa = PBXFileReference; explicitFileType = wrapper.framework; includeInIndex = 0; path = Pods_testProject2.framework; sourceTree = BUILT_PRODUCTS_DIR; };
		9080E5DCFE77DD13E7D7AB89 /* Pods-testProject2.debug.xcconfig */ = {isa = PBXFileReference; includeInIndex = 1; lastKnownFileType = text.xcconfig; name = "Pods-testProject2.debug.xcconfig"; path = "Target Support Files/Pods-testProject2/Pods-testProject2.debug.xcconfig"; sourceTree = "<group>"; };
		9CBD19325F838DC968BC2D24 /* Pods-testProject2.release.xcconfig */ = {isa = PBXFileReference; includeInIndex = 1; lastKnownFileType = text.xcconfig; name = "Pods-testProject2.release.xcconfig"; path = "Target Support Files/Pods-testProject2/Pods-testProject2.release.xcconfig"; sourceTree = "<group>"; };
		E19476A22229D7A100353E1D /* testProject2.app */ = {isa = PBXFileReference; explicitFileType = wrapper.application; includeInIndex = 0; path = testProject2.app; sourceTree = BUILT_PRODUCTS_DIR; };
		E19476A52229D7A100353E1D /* AppDelegate.swift */ = {isa = PBXFileReference; lastKnownFileType = sourcecode.swift; path = AppDelegate.swift; sourceTree = "<group>"; };
		E19476A72229D7A100353E1D /* OffersViewController.swift */ = {isa = PBXFileReference; lastKnownFileType = sourcecode.swift; path = OffersViewController.swift; sourceTree = "<group>"; };
		E19476AC2229D7A400353E1D /* Assets.xcassets */ = {isa = PBXFileReference; lastKnownFileType = folder.assetcatalog; path = Assets.xcassets; sourceTree = "<group>"; };
		E19476AF2229D7A400353E1D /* Base */ = {isa = PBXFileReference; lastKnownFileType = file.storyboard; name = Base; path = Base.lproj/LaunchScreen.storyboard; sourceTree = "<group>"; };
		E19476B12229D7A400353E1D /* Info.plist */ = {isa = PBXFileReference; lastKnownFileType = text.plist.xml; path = Info.plist; sourceTree = "<group>"; };
		E19476B72229DF6600353E1D /* CollectionViewCell.swift */ = {isa = PBXFileReference; lastKnownFileType = sourcecode.swift; path = CollectionViewCell.swift; sourceTree = "<group>"; };
		E19476B92229E81700353E1D /* Offers.json */ = {isa = PBXFileReference; fileEncoding = 4; lastKnownFileType = text.json; path = Offers.json; sourceTree = "<group>"; };
		E19A64AD222F045500D306AF /* OfferDetailViewController.swift */ = {isa = PBXFileReference; lastKnownFileType = sourcecode.swift; path = OfferDetailViewController.swift; sourceTree = "<group>"; };
		E19A64AF222F165D00D306AF /* OfferDataModel.swift */ = {isa = PBXFileReference; lastKnownFileType = sourcecode.swift; path = OfferDataModel.swift; sourceTree = "<group>"; };
		E1B39C382231B4AE0077E05E /* FavoritesController.swift */ = {isa = PBXFileReference; lastKnownFileType = sourcecode.swift; path = FavoritesController.swift; sourceTree = "<group>"; };
/* End PBXFileReference section */

/* Begin PBXFrameworksBuildPhase section */
		E194769F2229D7A100353E1D /* Frameworks */ = {
			isa = PBXFrameworksBuildPhase;
			buildActionMask = 2147483647;
			files = (
				65517CE47D8F33B2F74A985F /* Pods_testProject2.framework in Frameworks */,
			);
			runOnlyForDeploymentPostprocessing = 0;
		};
/* End PBXFrameworksBuildPhase section */

/* Begin PBXGroup section */
		3152E4C8718AD59F52EAB755 /* Pods */ = {
			isa = PBXGroup;
			children = (
				9080E5DCFE77DD13E7D7AB89 /* Pods-testProject2.debug.xcconfig */,
				9CBD19325F838DC968BC2D24 /* Pods-testProject2.release.xcconfig */,
			);
			path = Pods;
			sourceTree = "<group>";
		};
		715AFB3A404FA7126C0D031A /* Frameworks */ = {
			isa = PBXGroup;
			children = (
				79E32512B9741749F0417C94 /* Pods_testProject2.framework */,
			);
			name = Frameworks;
			sourceTree = "<group>";
		};
		E19476992229D7A100353E1D = {
			isa = PBXGroup;
			children = (
				E19476A42229D7A100353E1D /* testProject2 */,
				E19476A32229D7A100353E1D /* Products */,
				3152E4C8718AD59F52EAB755 /* Pods */,
				715AFB3A404FA7126C0D031A /* Frameworks */,
			);
			sourceTree = "<group>";
		};
		E19476A32229D7A100353E1D /* Products */ = {
			isa = PBXGroup;
			children = (
				E19476A22229D7A100353E1D /* testProject2.app */,
			);
			name = Products;
			sourceTree = "<group>";
		};
		E19476A42229D7A100353E1D /* testProject2 */ = {
			isa = PBXGroup;
			children = (
				E19476A52229D7A100353E1D /* AppDelegate.swift */,
				E19476B72229DF6600353E1D /* CollectionViewCell.swift */,
				E19A64AF222F165D00D306AF /* OfferDataModel.swift */,
				E19A64AD222F045500D306AF /* OfferDetailViewController.swift */,
				E19476A72229D7A100353E1D /* OffersViewController.swift */,
				E1B39C382231B4AE0077E05E /* FavoritesController.swift */,
				E19476AC2229D7A400353E1D /* Assets.xcassets */,
				E19476AE2229D7A400353E1D /* LaunchScreen.storyboard */,
				E19476B12229D7A400353E1D /* Info.plist */,
				E19476B92229E81700353E1D /* Offers.json */,
			);
			path = testProject2;
			sourceTree = "<group>";
		};
/* End PBXGroup section */

/* Begin PBXNativeTarget section */
		E19476A12229D7A100353E1D /* testProject2 */ = {
			isa = PBXNativeTarget;
			buildConfigurationList = E19476B42229D7A400353E1D /* Build configuration list for PBXNativeTarget "testProject2" */;
			buildPhases = (
				715360B32A4811C4954E01B3 /* [CP] Check Pods Manifest.lock */,
				E194769E2229D7A100353E1D /* Sources */,
				E194769F2229D7A100353E1D /* Frameworks */,
				E19476A02229D7A100353E1D /* Resources */,
				1068366B651A7E559773CBB5 /* [CP] Embed Pods Frameworks */,
			);
			buildRules = (
			);
			dependencies = (
			);
			name = testProject2;
			productName = testProject2;
			productReference = E19476A22229D7A100353E1D /* testProject2.app */;
			productType = "com.apple.product-type.application";
		};
/* End PBXNativeTarget section */

/* Begin PBXProject section */
		E194769A2229D7A100353E1D /* Project object */ = {
			isa = PBXProject;
			attributes = {
				LastSwiftUpdateCheck = 1010;
				LastUpgradeCheck = 1010;
				ORGANIZATIONNAME = "Michael Kozub";
				TargetAttributes = {
					E19476A12229D7A100353E1D = {
						CreatedOnToolsVersion = 10.1;
					};
				};
			};
			buildConfigurationList = E194769D2229D7A100353E1D /* Build configuration list for PBXProject "testProject2" */;
			compatibilityVersion = "Xcode 9.3";
			developmentRegion = en;
			hasScannedForEncodings = 0;
			knownRegions = (
				en,
				Base,
			);
			mainGroup = E19476992229D7A100353E1D;
			productRefGroup = E19476A32229D7A100353E1D /* Products */;
			projectDirPath = "";
			projectRoot = "";
			targets = (
				E19476A12229D7A100353E1D /* testProject2 */,
			);
		};
/* End PBXProject section */

/* Begin PBXResourcesBuildPhase section */
		E19476A02229D7A100353E1D /* Resources */ = {
			isa = PBXResourcesBuildPhase;
			buildActionMask = 2147483647;
			files = (
				E19476BA2229E81700353E1D /* Offers.json in Resources */,
				E19476B02229D7A400353E1D /* LaunchScreen.storyboard in Resources */,
				E19476AD2229D7A400353E1D /* Assets.xcassets in Resources */,
			);
			runOnlyForDeploymentPostprocessing = 0;
		};
/* End PBXResourcesBuildPhase section */

/* Begin PBXShellScriptBuildPhase section */
		1068366B651A7E559773CBB5 /* [CP] Embed Pods Frameworks */ = {
			isa = PBXShellScriptBuildPhase;
			buildActionMask = 2147483647;
			files = (
			);
			inputFileListPaths = (
			);
			inputPaths = (
				"${PODS_ROOT}/Target Support Files/Pods-testProject2/Pods-testProject2-frameworks.sh",
				"${BUILT_PRODUCTS_DIR}/Anchorage/Anchorage.framework",
				"${BUILT_PRODUCTS_DIR}/SDWebImage/SDWebImage.framework",
			);
			name = "[CP] Embed Pods Frameworks";
			outputFileListPaths = (
			);
			outputPaths = (
				"${TARGET_BUILD_DIR}/${FRAMEWORKS_FOLDER_PATH}/Anchorage.framework",
				"${TARGET_BUILD_DIR}/${FRAMEWORKS_FOLDER_PATH}/SDWebImage.framework",
			);
			runOnlyForDeploymentPostprocessing = 0;
			shellPath = /bin/sh;
			shellScript = "\"${PODS_ROOT}/Target Support Files/Pods-testProject2/Pods-testProject2-frameworks.sh\"\n";
			showEnvVarsInLog = 0;
		};
		715360B32A4811C4954E01B3 /* [CP] Check Pods Manifest.lock */ = {
			isa = PBXShellScriptBuildPhase;
			buildActionMask = 2147483647;
			files = (
			);
			inputFileListPaths = (
			);
			inputPaths = (
				"${PODS_PODFILE_DIR_PATH}/Podfile.lock",
				"${PODS_ROOT}/Manifest.lock",
			);
			name = "[CP] Check Pods Manifest.lock";
			outputFileListPaths = (
			);
			outputPaths = (
				"$(DERIVED_FILE_DIR)/Pods-testProject2-checkManifestLockResult.txt",
			);
			runOnlyForDeploymentPostprocessing = 0;
			shellPath = /bin/sh;
			shellScript = "diff \"${PODS_PODFILE_DIR_PATH}/Podfile.lock\" \"${PODS_ROOT}/Manifest.lock\" > /dev/null\nif [ $? != 0 ] ; then\n    # print error to STDERR\n    echo \"error: The sandbox is not in sync with the Podfile.lock. Run 'pod install' or update your CocoaPods installation.\" >&2\n    exit 1\nfi\n# This output is used by Xcode 'outputs' to avoid re-running this script phase.\necho \"SUCCESS\" > \"${SCRIPT_OUTPUT_FILE_0}\"\n";
			showEnvVarsInLog = 0;
		};
/* End PBXShellScriptBuildPhase section */

/* Begin PBXSourcesBuildPhase section */
		E194769E2229D7A100353E1D /* Sources */ = {
			isa = PBXSourcesBuildPhase;
			buildActionMask = 2147483647;
			files = (
				E19476A82229D7A100353E1D /* OffersViewController.swift in Sources */,
				E19A64B0222F165D00D306AF /* OfferDataModel.swift in Sources */,
				E19A64AE222F045500D306AF /* OfferDetailViewController.swift in Sources */,
				E19476A62229D7A100353E1D /* AppDelegate.swift in Sources */,
				E19476B82229DF6600353E1D /* CollectionViewCell.swift in Sources */,
				E1B39C392231B4AE0077E05E /* FavoritesController.swift in Sources */,
			);
			runOnlyForDeploymentPostprocessing = 0;
		};
/* End PBXSourcesBuildPhase section */

/* Begin PBXVariantGroup section */
		E19476AE2229D7A400353E1D /* LaunchScreen.storyboard */ = {
			isa = PBXVariantGroup;
			children = (
				E19476AF2229D7A400353E1D /* Base */,
			);
			name = LaunchScreen.storyboard;
			sourceTree = "<group>";
		};
/* End PBXVariantGroup section */

/* Begin XCBuildConfiguration section */
		E19476B22229D7A400353E1D /* Debug */ = {
			isa = XCBuildConfiguration;
			buildSettings = {
				ALWAYS_SEARCH_USER_PATHS = NO;
				CLANG_ANALYZER_NONNULL = YES;
				CLANG_ANALYZER_NUMBER_OBJECT_CONVERSION = YES_AGGRESSIVE;
				CLANG_CXX_LANGUAGE_STANDARD = "gnu++14";
				CLANG_CXX_LIBRARY = "libc++";
				CLANG_ENABLE_MODULES = YES;
				CLANG_ENABLE_OBJC_ARC = YES;
				CLANG_ENABLE_OBJC_WEAK = YES;
				CLANG_WARN_BLOCK_CAPTURE_AUTORELEASING = YES;
				CLANG_WARN_BOOL_CONVERSION = YES;
				CLANG_WARN_COMMA = YES;
				CLANG_WARN_CONSTANT_CONVERSION = YES;
				CLANG_WARN_DEPRECATED_OBJC_IMPLEMENTATIONS = YES;
				CLANG_WARN_DIRECT_OBJC_ISA_USAGE = YES_ERROR;
				CLANG_WARN_DOCUMENTATION_COMMENTS = YES;
				CLANG_WARN_EMPTY_BODY = YES;
				CLANG_WARN_ENUM_CONVERSION = YES;
				CLANG_WARN_INFINITE_RECURSION = YES;
				CLANG_WARN_INT_CONVERSION = YES;
				CLANG_WARN_NON_LITERAL_NULL_CONVERSION = YES;
				CLANG_WARN_OBJC_IMPLICIT_RETAIN_SELF = YES;
				CLANG_WARN_OBJC_LITERAL_CONVERSION = YES;
				CLANG_WARN_OBJC_ROOT_CLASS = YES_ERROR;
				CLANG_WARN_RANGE_LOOP_ANALYSIS = YES;
				CLANG_WARN_STRICT_PROTOTYPES = YES;
				CLANG_WARN_SUSPICIOUS_MOVE = YES;
				CLANG_WARN_UNGUARDED_AVAILABILITY = YES_AGGRESSIVE;
				CLANG_WARN_UNREACHABLE_CODE = YES;
				CLANG_WARN__DUPLICATE_METHOD_MATCH = YES;
				CODE_SIGN_IDENTITY = "iPhone Developer";
				COPY_PHASE_STRIP = NO;
				DEBUG_INFORMATION_FORMAT = dwarf;
				ENABLE_STRICT_OBJC_MSGSEND = YES;
				ENABLE_TESTABILITY = YES;
				GCC_C_LANGUAGE_STANDARD = gnu11;
				GCC_DYNAMIC_NO_PIC = NO;
				GCC_NO_COMMON_BLOCKS = YES;
				GCC_OPTIMIZATION_LEVEL = 0;
				GCC_PREPROCESSOR_DEFINITIONS = (
					"DEBUG=1",
					"$(inherited)",
				);
				GCC_WARN_64_TO_32_BIT_CONVERSION = YES;
				GCC_WARN_ABOUT_RETURN_TYPE = YES_ERROR;
				GCC_WARN_UNDECLARED_SELECTOR = YES;
				GCC_WARN_UNINITIALIZED_AUTOS = YES_AGGRESSIVE;
				GCC_WARN_UNUSED_FUNCTION = YES;
				GCC_WARN_UNUSED_VARIABLE = YES;
				IPHONEOS_DEPLOYMENT_TARGET = 12.1;
				MTL_ENABLE_DEBUG_INFO = INCLUDE_SOURCE;
				MTL_FAST_MATH = YES;
				ONLY_ACTIVE_ARCH = YES;
				SDKROOT = iphoneos;
				SWIFT_ACTIVE_COMPILATION_CONDITIONS = DEBUG;
				SWIFT_OPTIMIZATION_LEVEL = "-Onone";
			};
			name = Debug;
		};
		E19476B32229D7A400353E1D /* Release */ = {
			isa = XCBuildConfiguration;
			buildSettings = {
				ALWAYS_SEARCH_USER_PATHS = NO;
				CLANG_ANALYZER_NONNULL = YES;
				CLANG_ANALYZER_NUMBER_OBJECT_CONVERSION = YES_AGGRESSIVE;
				CLANG_CXX_LANGUAGE_STANDARD = "gnu++14";
				CLANG_CXX_LIBRARY = "libc++";
				CLANG_ENABLE_MODULES = YES;
				CLANG_ENABLE_OBJC_ARC = YES;
				CLANG_ENABLE_OBJC_WEAK = YES;
				CLANG_WARN_BLOCK_CAPTURE_AUTORELEASING = YES;
				CLANG_WARN_BOOL_CONVERSION = YES;
				CLANG_WARN_COMMA = YES;
				CLANG_WARN_CONSTANT_CONVERSION = YES;
				CLANG_WARN_DEPRECATED_OBJC_IMPLEMENTATIONS = YES;
				CLANG_WARN_DIRECT_OBJC_ISA_USAGE = YES_ERROR;
				CLANG_WARN_DOCUMENTATION_COMMENTS = YES;
				CLANG_WARN_EMPTY_BODY = YES;
				CLANG_WARN_ENUM_CONVERSION = YES;
				CLANG_WARN_INFINITE_RECURSION = YES;
				CLANG_WARN_INT_CONVERSION = YES;
				CLANG_WARN_NON_LITERAL_NULL_CONVERSION = YES;
				CLANG_WARN_OBJC_IMPLICIT_RETAIN_SELF = YES;
				CLANG_WARN_OBJC_LITERAL_CONVERSION = YES;
				CLANG_WARN_OBJC_ROOT_CLASS = YES_ERROR;
				CLANG_WARN_RANGE_LOOP_ANALYSIS = YES;
				CLANG_WARN_STRICT_PROTOTYPES = YES;
				CLANG_WARN_SUSPICIOUS_MOVE = YES;
				CLANG_WARN_UNGUARDED_AVAILABILITY = YES_AGGRESSIVE;
				CLANG_WARN_UNREACHABLE_CODE = YES;
				CLANG_WARN__DUPLICATE_METHOD_MATCH = YES;
				CODE_SIGN_IDENTITY = "iPhone Developer";
				COPY_PHASE_STRIP = NO;
				DEBUG_INFORMATION_FORMAT = "dwarf-with-dsym";
				ENABLE_NS_ASSERTIONS = NO;
				ENABLE_STRICT_OBJC_MSGSEND = YES;
				GCC_C_LANGUAGE_STANDARD = gnu11;
				GCC_NO_COMMON_BLOCKS = YES;
				GCC_WARN_64_TO_32_BIT_CONVERSION = YES;
				GCC_WARN_ABOUT_RETURN_TYPE = YES_ERROR;
				GCC_WARN_UNDECLARED_SELECTOR = YES;
				GCC_WARN_UNINITIALIZED_AUTOS = YES_AGGRESSIVE;
				GCC_WARN_UNUSED_FUNCTION = YES;
				GCC_WARN_UNUSED_VARIABLE = YES;
				IPHONEOS_DEPLOYMENT_TARGET = 12.1;
				MTL_ENABLE_DEBUG_INFO = NO;
				MTL_FAST_MATH = YES;
				SDKROOT = iphoneos;
				SWIFT_COMPILATION_MODE = wholemodule;
				SWIFT_OPTIMIZATION_LEVEL = "-O";
				VALIDATE_PRODUCT = YES;
			};
			name = Release;
		};
		E19476B52229D7A400353E1D /* Debug */ = {
			isa = XCBuildConfiguration;
			baseConfigurationReference = 9080E5DCFE77DD13E7D7AB89 /* Pods-testProject2.debug.xcconfig */;
			buildSettings = {
				ASSETCATALOG_COMPILER_APPICON_NAME = AppIcon;
				CODE_SIGN_STYLE = Automatic;
				INFOPLIST_FILE = testProject2/Info.plist;
				LD_RUNPATH_SEARCH_PATHS = (
					"$(inherited)",
					"@executable_path/Frameworks",
				);
				PRODUCT_BUNDLE_IDENTIFIER = com.michaelkozub.testProject2;
				PRODUCT_NAME = "$(TARGET_NAME)";
				SWIFT_VERSION = 4.2;
				TARGETED_DEVICE_FAMILY = "1,2";
			};
			name = Debug;
		};
		E19476B62229D7A400353E1D /* Release */ = {
			isa = XCBuildConfiguration;
			baseConfigurationReference = 9CBD19325F838DC968BC2D24 /* Pods-testProject2.release.xcconfig */;
			buildSettings = {
				ASSETCATALOG_COMPILER_APPICON_NAME = AppIcon;
				CODE_SIGN_STYLE = Automatic;
				INFOPLIST_FILE = testProject2/Info.plist;
				LD_RUNPATH_SEARCH_PATHS = (
					"$(inherited)",
					"@executable_path/Frameworks",
				);
				PRODUCT_BUNDLE_IDENTIFIER = com.michaelkozub.testProject2;
				PRODUCT_NAME = "$(TARGET_NAME)";
				SWIFT_VERSION = 4.2;
				TARGETED_DEVICE_FAMILY = "1,2";
			};
			name = Release;
		};
/* End XCBuildConfiguration section */

/* Begin XCConfigurationList section */
		E194769D2229D7A100353E1D /* Build configuration list for PBXProject "testProject2" */ = {
			isa = XCConfigurationList;
			buildConfigurations = (
				E19476B22229D7A400353E1D /* Debug */,
				E19476B32229D7A400353E1D /* Release */,
			);
			defaultConfigurationIsVisible = 0;
			defaultConfigurationName = Release;
		};
		E19476B42229D7A400353E1D /* Build configuration list for PBXNativeTarget "testProject2" */ = {
			isa = XCConfigurationList;
			buildConfigurations = (
				E19476B52229D7A400353E1D /* Debug */,
				E19476B62229D7A400353E1D /* Release */,
			);
			defaultConfigurationIsVisible = 0;
			defaultConfigurationName = Release;
		};
/* End XCConfigurationList section */
	};
	rootObject = E194769A2229D7A100353E1D /* Project object */;
}
